
Microsoft Visual Studio Solution File, Format Version 12.00
# Visual Studio Version 17
VisualStudioVersion = 17.0.31903.59
MinimumVisualStudioVersion = 10.0.40219.1
Project("{9A19103F-16F7-4668-BE54-9A1E7A4F7556}") = "LedgerLibrary", "LedgerLibrary\LedgerLibrary.csproj", "{573310BD-3084-4316-91D1-EE5D22CEA938}"
EndProject
Project("{9A19103F-16F7-4668-BE54-9A1E7A4F7556}") = "LedgerTests", "LedgerTests\LedgerTests.csproj", "{1C733F3F-B2C3-4260-867F-E7CC6199CCF0}"
EndProject
Project("{9A19103F-16F7-4668-BE54-9A1E7A4F7556}") = "LedgerAPI", "LedgerAPI\LedgerAPI.csproj", "{29BA3A37-D40D-4F81-A733-47B0F4435280}"
EndProject
Project("{2150E333-8FDC-42A3-9474-1A3956D46DE8}") = "Solution Items", "Solution Items", "{B704EE2F-2BCE-4ADD-95B8-1D55C5ADC794}"
	ProjectSection(SolutionItems) = preProject
		Readme.md = Readme.md
	EndProjectSection
EndProject
Global
	GlobalSection(SolutionConfigurationPlatforms) = preSolution
		Debug|Any CPU = Debug|Any CPU
		Release|Any CPU = Release|Any CPU
	EndGlobalSection
	GlobalSection(ProjectConfigurationPlatforms) = postSolution
		{573310BD-3084-4316-91D1-EE5D22CEA938}.Debug|Any CPU.ActiveCfg = Debug|Any CPU
		{573310BD-3084-4316-91D1-EE5D22CEA938}.Debug|Any CPU.Build.0 = Debug|Any CPU
		{573310BD-3084-4316-91D1-EE5D22CEA938}.Release|Any CPU.ActiveCfg = Release|Any CPU
		{573310BD-3084-4316-91D1-EE5D22CEA938}.Release|Any CPU.Build.0 = Release|Any CPU
		{1C733F3F-B2C3-4260-867F-E7CC6199CCF0}.Debug|Any CPU.ActiveCfg = Debug|Any CPU
		{1C733F3F-B2C3-4260-867F-E7CC6199CCF0}.Debug|Any CPU.Build.0 = Debug|Any CPU
		{1C733F3F-B2C3-4260-867F-E7CC6199CCF0}.Release|Any CPU.ActiveCfg = Release|Any CPU
		{1C733F3F-B2C3-4260-867F-E7CC6199CCF0}.Release|Any CPU.Build.0 = Release|Any CPU
		{29BA3A37-D40D-4F81-A733-47B0F4435280}.Debug|Any CPU.ActiveCfg = Debug|Any CPU
		{29BA3A37-D40D-4F81-A733-47B0F4435280}.Debug|Any CPU.Build.0 = Debug|Any CPU
		{29BA3A37-D40D-4F81-A733-47B0F4435280}.Release|Any CPU.ActiveCfg = Release|Any CPU
		{29BA3A37-D40D-4F81-A733-47B0F4435280}.Release|Any CPU.Build.0 = Release|Any CPU
	EndGlobalSection
	GlobalSection(SolutionProperties) = preSolution
		HideSolutionNode = FALSE
	EndGlobalSection
	GlobalSection(ExtensibilityGlobals) = postSolution
		SolutionGuid = {0F15E103-5381-49E2-ABA4-922341E33D4E}
	EndGlobalSection
EndGlobal
